
Microsoft Visual Studio Solution File, Format Version 12.00
# Visual Studio Version 17
VisualStudioVersion = 17.5.002.0
MinimumVisualStudioVersion = 10.0.40219.1
Project("{9A19103F-16F7-4668-BE54-9A1E7A4F7556}") = "Reazorfun", "Reazorfun.csproj", "{77484251-6892-4993-9932-3989C4AA32F7}"
EndProject
Global
	GlobalSection(SolutionConfigurationPlatforms) = preSolution
		Debug|Any CPU = Debug|Any CPU
		Release|Any CPU = Release|Any CPU
	EndGlobalSection
	GlobalSection(ProjectConfigurationPlatforms) = postSolution
		{77484251-6892-4993-9932-3989C4AA32F7}.Debug|Any CPU.ActiveCfg = Debug|Any CPU
		{77484251-6892-4993-9932-3989C4AA32F7}.Debug|Any CPU.Build.0 = Debug|Any CPU
		{77484251-6892-4993-9932-3989C4AA32F7}.Release|Any CPU.ActiveCfg = Release|Any CPU
		{77484251-6892-4993-9932-3989C4AA32F7}.Release|Any CPU.Build.0 = Release|Any CPU
	EndGlobalSection
	GlobalSection(SolutionProperties) = preSolution
		HideSolutionNode = FALSE
	EndGlobalSection
	GlobalSection(ExtensibilityGlobals) = postSolution
		SolutionGuid = {6518669A-78CA-46CD-83D5-878A5C1BE50D}
	EndGlobalSection
EndGlobal
