
Microsoft Visual Studio Solution File, Format Version 12.00
# Visual Studio Version 17
VisualStudioVersion = 17.5.002.0
MinimumVisualStudioVersion = 10.0.40219.1
Project("{9A19103F-16F7-4668-BE54-9A1E7A4F7556}") = "ProductAndCategories", "ProductAndCategories.csproj", "{90FB42DA-66FD-4D20-AB8C-15E895A0315B}"
EndProject
Global
	GlobalSection(SolutionConfigurationPlatforms) = preSolution
		Debug|Any CPU = Debug|Any CPU
		Release|Any CPU = Release|Any CPU
	EndGlobalSection
	GlobalSection(ProjectConfigurationPlatforms) = postSolution
		{90FB42DA-66FD-4D20-AB8C-15E895A0315B}.Debug|Any CPU.ActiveCfg = Debug|Any CPU
		{90FB42DA-66FD-4D20-AB8C-15E895A0315B}.Debug|Any CPU.Build.0 = Debug|Any CPU
		{90FB42DA-66FD-4D20-AB8C-15E895A0315B}.Release|Any CPU.ActiveCfg = Release|Any CPU
		{90FB42DA-66FD-4D20-AB8C-15E895A0315B}.Release|Any CPU.Build.0 = Release|Any CPU
	EndGlobalSection
	GlobalSection(SolutionProperties) = preSolution
		HideSolutionNode = FALSE
	EndGlobalSection
	GlobalSection(ExtensibilityGlobals) = postSolution
		SolutionGuid = {BB7F2ACE-B434-4323-B6CB-31AF797B3321}
	EndGlobalSection
EndGlobal
