
Microsoft Visual Studio Solution File, Format Version 12.00
# Visual Studio Version 17
VisualStudioVersion = 17.5.002.0
MinimumVisualStudioVersion = 10.0.40219.1
Project("{9A19103F-16F7-4668-BE54-9A1E7A4F7556}") = "loginAndRegistration", "loginAndRegistration.csproj", "{7D0605FA-395F-4F0B-B383-F48D349B4064}"
EndProject
Global
	GlobalSection(SolutionConfigurationPlatforms) = preSolution
		Debug|Any CPU = Debug|Any CPU
		Release|Any CPU = Release|Any CPU
	EndGlobalSection
	GlobalSection(ProjectConfigurationPlatforms) = postSolution
		{7D0605FA-395F-4F0B-B383-F48D349B4064}.Debug|Any CPU.ActiveCfg = Debug|Any CPU
		{7D0605FA-395F-4F0B-B383-F48D349B4064}.Debug|Any CPU.Build.0 = Debug|Any CPU
		{7D0605FA-395F-4F0B-B383-F48D349B4064}.Release|Any CPU.ActiveCfg = Release|Any CPU
		{7D0605FA-395F-4F0B-B383-F48D349B4064}.Release|Any CPU.Build.0 = Release|Any CPU
	EndGlobalSection
	GlobalSection(SolutionProperties) = preSolution
		HideSolutionNode = FALSE
	EndGlobalSection
	GlobalSection(ExtensibilityGlobals) = postSolution
		SolutionGuid = {66C8CF7D-6961-49E7-8FAC-4565BBB0174F}
	EndGlobalSection
EndGlobal
